
Microsoft Visual Studio Solution File, Format Version 12.00
# Visual Studio Version 17
VisualStudioVersion = 17.2.32630.192
MinimumVisualStudioVersion = 10.0.40219.1
Project("{9A19103F-16F7-4668-BE54-9A1E7A4F7556}") = "GamerForumWeb", "GamerForumWeb\GamerForumWeb.csproj", "{6E67864E-70B8-48BE-A11B-4C72CA2C2F09}"
EndProject
Project("{9A19103F-16F7-4668-BE54-9A1E7A4F7556}") = "GamerForumWeb.Core", "GamerForumWeb.Core\GamerForumWeb.Core.csproj", "{14CCE81B-7B64-42D6-8F7C-6C38CCEB5E8D}"
EndProject
Project("{9A19103F-16F7-4668-BE54-9A1E7A4F7556}") = "GamerForumWeb.Db", "GamerForumWeb.Db\GamerForumWeb.Db.csproj", "{7E8A036B-15C3-4BA7-98F1-16847A33BAC3}"
EndProject
Project("{FAE04EC0-301F-11D3-BF4B-00C04F79EFBC}") = "GameForumWeb.Tests", "GameForumWeb.Tests\GameForumWeb.Tests.csproj", "{0A1082A5-4945-4D38-A90C-06792D2C256A}"
EndProject
Global
	GlobalSection(SolutionConfigurationPlatforms) = preSolution
		Debug|Any CPU = Debug|Any CPU
		Release|Any CPU = Release|Any CPU
	EndGlobalSection
	GlobalSection(ProjectConfigurationPlatforms) = postSolution
		{6E67864E-70B8-48BE-A11B-4C72CA2C2F09}.Debug|Any CPU.ActiveCfg = Debug|Any CPU
		{6E67864E-70B8-48BE-A11B-4C72CA2C2F09}.Debug|Any CPU.Build.0 = Debug|Any CPU
		{6E67864E-70B8-48BE-A11B-4C72CA2C2F09}.Release|Any CPU.ActiveCfg = Release|Any CPU
		{6E67864E-70B8-48BE-A11B-4C72CA2C2F09}.Release|Any CPU.Build.0 = Release|Any CPU
		{14CCE81B-7B64-42D6-8F7C-6C38CCEB5E8D}.Debug|Any CPU.ActiveCfg = Debug|Any CPU
		{14CCE81B-7B64-42D6-8F7C-6C38CCEB5E8D}.Debug|Any CPU.Build.0 = Debug|Any CPU
		{14CCE81B-7B64-42D6-8F7C-6C38CCEB5E8D}.Release|Any CPU.ActiveCfg = Release|Any CPU
		{14CCE81B-7B64-42D6-8F7C-6C38CCEB5E8D}.Release|Any CPU.Build.0 = Release|Any CPU
		{7E8A036B-15C3-4BA7-98F1-16847A33BAC3}.Debug|Any CPU.ActiveCfg = Debug|Any CPU
		{7E8A036B-15C3-4BA7-98F1-16847A33BAC3}.Debug|Any CPU.Build.0 = Debug|Any CPU
		{7E8A036B-15C3-4BA7-98F1-16847A33BAC3}.Release|Any CPU.ActiveCfg = Release|Any CPU
		{7E8A036B-15C3-4BA7-98F1-16847A33BAC3}.Release|Any CPU.Build.0 = Release|Any CPU
		{0A1082A5-4945-4D38-A90C-06792D2C256A}.Debug|Any CPU.ActiveCfg = Debug|Any CPU
		{0A1082A5-4945-4D38-A90C-06792D2C256A}.Debug|Any CPU.Build.0 = Debug|Any CPU
		{0A1082A5-4945-4D38-A90C-06792D2C256A}.Release|Any CPU.ActiveCfg = Release|Any CPU
		{0A1082A5-4945-4D38-A90C-06792D2C256A}.Release|Any CPU.Build.0 = Release|Any CPU
	EndGlobalSection
	GlobalSection(SolutionProperties) = preSolution
		HideSolutionNode = FALSE
	EndGlobalSection
	GlobalSection(ExtensibilityGlobals) = postSolution
		SolutionGuid = {2669E879-867B-47DC-AAF1-45691A6560EB}
	EndGlobalSection
EndGlobal
